
Microsoft Visual Studio Solution File, Format Version 12.00
# Visual Studio 15
VisualStudioVersion = 15.0.26730.12
MinimumVisualStudioVersion = 10.0.40219.1
Project("{8BC9CEB8-8B4A-11D0-8D11-00A0C91BC942}") = "w4_Regio_Della", "w4_Regio_Della\w4_Regio_Della.vcxproj", "{EE2C3EA3-926C-44B1-8745-753CF590ECDB}"
EndProject
Global
	GlobalSection(SolutionConfigurationPlatforms) = preSolution
		Debug|x64 = Debug|x64
		Debug|x86 = Debug|x86
		Release|x64 = Release|x64
		Release|x86 = Release|x86
	EndGlobalSection
	GlobalSection(ProjectConfigurationPlatforms) = postSolution
		{EE2C3EA3-926C-44B1-8745-753CF590ECDB}.Debug|x64.ActiveCfg = Debug|x64
		{EE2C3EA3-926C-44B1-8745-753CF590ECDB}.Debug|x64.Build.0 = Debug|x64
		{EE2C3EA3-926C-44B1-8745-753CF590ECDB}.Debug|x86.ActiveCfg = Debug|Win32
		{EE2C3EA3-926C-44B1-8745-753CF590ECDB}.Debug|x86.Build.0 = Debug|Win32
		{EE2C3EA3-926C-44B1-8745-753CF590ECDB}.Release|x64.ActiveCfg = Release|x64
		{EE2C3EA3-926C-44B1-8745-753CF590ECDB}.Release|x64.Build.0 = Release|x64
		{EE2C3EA3-926C-44B1-8745-753CF590ECDB}.Release|x86.ActiveCfg = Release|Win32
		{EE2C3EA3-926C-44B1-8745-753CF590ECDB}.Release|x86.Build.0 = Release|Win32
	EndGlobalSection
	GlobalSection(SolutionProperties) = preSolution
		HideSolutionNode = FALSE
	EndGlobalSection
	GlobalSection(ExtensibilityGlobals) = postSolution
		SolutionGuid = {6001E4ED-48D9-4D45-B4DB-658779783B8F}
	EndGlobalSection
EndGlobal
