
Microsoft Visual Studio Solution File, Format Version 12.00
# Visual Studio 15
VisualStudioVersion = 15.0.26730.12
MinimumVisualStudioVersion = 10.0.40219.1
Project("{8BC9CEB8-8B4A-11D0-8D11-00A0C91BC942}") = "w4_Regio_Della", "w4_Regio_Della\w4_Regio_Della.vcxproj", "{ECE1EBE8-FE42-41BC-9D53-8BB1AD2E68D6}"
EndProject
Global
	GlobalSection(SolutionConfigurationPlatforms) = preSolution
		Debug|x64 = Debug|x64
		Debug|x86 = Debug|x86
		Release|x64 = Release|x64
		Release|x86 = Release|x86
	EndGlobalSection
	GlobalSection(ProjectConfigurationPlatforms) = postSolution
		{ECE1EBE8-FE42-41BC-9D53-8BB1AD2E68D6}.Debug|x64.ActiveCfg = Debug|x64
		{ECE1EBE8-FE42-41BC-9D53-8BB1AD2E68D6}.Debug|x64.Build.0 = Debug|x64
		{ECE1EBE8-FE42-41BC-9D53-8BB1AD2E68D6}.Debug|x86.ActiveCfg = Debug|Win32
		{ECE1EBE8-FE42-41BC-9D53-8BB1AD2E68D6}.Debug|x86.Build.0 = Debug|Win32
		{ECE1EBE8-FE42-41BC-9D53-8BB1AD2E68D6}.Release|x64.ActiveCfg = Release|x64
		{ECE1EBE8-FE42-41BC-9D53-8BB1AD2E68D6}.Release|x64.Build.0 = Release|x64
		{ECE1EBE8-FE42-41BC-9D53-8BB1AD2E68D6}.Release|x86.ActiveCfg = Release|Win32
		{ECE1EBE8-FE42-41BC-9D53-8BB1AD2E68D6}.Release|x86.Build.0 = Release|Win32
	EndGlobalSection
	GlobalSection(SolutionProperties) = preSolution
		HideSolutionNode = FALSE
	EndGlobalSection
	GlobalSection(ExtensibilityGlobals) = postSolution
		SolutionGuid = {6A853C19-151A-4212-B677-28B8A3907884}
	EndGlobalSection
EndGlobal
